[root]
name = "r4"
version = "0.0.1"
dependencies = [
 "multiboot 0.2.0 (git+https://github.com/AdrianDanis/rust-multiboot)",
 "rlibc 1.0.0 (registry+https://github.com/rust-lang/crates.io-index)",
]

[[package]]
name = "multiboot"
version = "0.2.0"
source = "git+https://github.com/AdrianDanis/rust-multiboot#5198878106060c96f9bf9dedae29c77a85af9b22"

[[package]]
name = "rlibc"
version = "1.0.0"
source = "registry+https://github.com/rust-lang/crates.io-index"

